
Microsoft Visual Studio Solution File, Format Version 12.00
# Visual Studio Version 17
VisualStudioVersion = 17.4.33205.214
MinimumVisualStudioVersion = 10.0.40219.1
Project("{9A19103F-16F7-4668-BE54-9A1E7A4F7556}") = "Log.Accenture.Api", "Log.Accenture.Api\Log.Accenture.Api.csproj", "{3F1C71B5-AC35-40F7-B4A1-E8DF38389494}"
EndProject
Project("{2150E333-8FDC-42A3-9474-1A3956D46DE8}") = "API", "API", "{BEEB16DA-1636-4ED8-9C51-6B3ACA111ACE}"
EndProject
Project("{2150E333-8FDC-42A3-9474-1A3956D46DE8}") = "DDD", "DDD", "{EB59BDD4-9D0A-4B5F-8483-837DD8C4E3DC}"
EndProject
Project("{2150E333-8FDC-42A3-9474-1A3956D46DE8}") = "TDD", "TDD", "{BF08C852-0C11-4DA8-BB7E-621D01F39627}"
EndProject
Project("{2150E333-8FDC-42A3-9474-1A3956D46DE8}") = "1 - Application", "1 - Application", "{9A7E8077-E0A5-4AA4-A885-79126E9F78A2}"
EndProject
Project("{2150E333-8FDC-42A3-9474-1A3956D46DE8}") = "2 - Domain", "2 - Domain", "{096B5383-EB46-433E-AFD1-0F6C01A02C90}"
EndProject
Project("{2150E333-8FDC-42A3-9474-1A3956D46DE8}") = "3 - InfraStructure", "3 - InfraStructure", "{CE8FB531-95C4-4E09-959E-CAE20F0D47D7}"
EndProject
Project("{9A19103F-16F7-4668-BE54-9A1E7A4F7556}") = "Log.Accenture.Application", "Log.Accenture.Application\Log.Accenture.Application.csproj", "{EA336AF9-943B-442F-B952-32985FEC74C5}"
EndProject
Project("{9A19103F-16F7-4668-BE54-9A1E7A4F7556}") = "Log.Accenture.Domain", "Log.Accenture.Domain\Log.Accenture.Domain.csproj", "{79FA976A-108B-4EA9-8364-D9CEF724E537}"
EndProject
Project("{9A19103F-16F7-4668-BE54-9A1E7A4F7556}") = "Log.Accenture.Domain.Core", "Log.Accenture.Domain.Core\Log.Accenture.Domain.Core.csproj", "{8819CBF7-6B87-42CC-A7FF-AD32A14F512D}"
EndProject
Project("{9A19103F-16F7-4668-BE54-9A1E7A4F7556}") = "Log.Accenture.Infra.Data", "Log.Accenture.Infra.Data\Log.Accenture.Infra.Data.csproj", "{36308924-08F6-432F-984C-ED1A930D9E5F}"
EndProject
Project("{2150E333-8FDC-42A3-9474-1A3956D46DE8}") = "Tests", "Tests", "{0F40D963-563D-444D-8E99-D2614021C397}"
EndProject
Project("{9A19103F-16F7-4668-BE54-9A1E7A4F7556}") = "Log.Accenture.UnitTests", "Log.Accenture.UnitTests\Log.Accenture.UnitTests.csproj", "{015395F3-D8CF-42CD-93BF-2D302C2E816A}"
EndProject
Project("{9A19103F-16F7-4668-BE54-9A1E7A4F7556}") = "Log.Accenture.Infra.Logs", "Log.Accenture.Infra.Logs\Log.Accenture.Infra.Logs.csproj", "{BC85DF8E-9FB4-428D-89C8-9F6EBAEEE449}"
EndProject
Project("{E53339B2-1760-4266-BCC7-CA923CBCF16C}") = "docker-compose", "docker-compose.dcproj", "{60FBC578-1E16-4F4C-BB08-10CD3F1B2A42}"
EndProject
Global
	GlobalSection(SolutionConfigurationPlatforms) = preSolution
		Debug|Any CPU = Debug|Any CPU
		Release|Any CPU = Release|Any CPU
	EndGlobalSection
	GlobalSection(ProjectConfigurationPlatforms) = postSolution
		{3F1C71B5-AC35-40F7-B4A1-E8DF38389494}.Debug|Any CPU.ActiveCfg = Debug|Any CPU
		{3F1C71B5-AC35-40F7-B4A1-E8DF38389494}.Debug|Any CPU.Build.0 = Debug|Any CPU
		{3F1C71B5-AC35-40F7-B4A1-E8DF38389494}.Release|Any CPU.ActiveCfg = Release|Any CPU
		{3F1C71B5-AC35-40F7-B4A1-E8DF38389494}.Release|Any CPU.Build.0 = Release|Any CPU
		{EA336AF9-943B-442F-B952-32985FEC74C5}.Debug|Any CPU.ActiveCfg = Debug|Any CPU
		{EA336AF9-943B-442F-B952-32985FEC74C5}.Debug|Any CPU.Build.0 = Debug|Any CPU
		{EA336AF9-943B-442F-B952-32985FEC74C5}.Release|Any CPU.ActiveCfg = Release|Any CPU
		{EA336AF9-943B-442F-B952-32985FEC74C5}.Release|Any CPU.Build.0 = Release|Any CPU
		{79FA976A-108B-4EA9-8364-D9CEF724E537}.Debug|Any CPU.ActiveCfg = Debug|Any CPU
		{79FA976A-108B-4EA9-8364-D9CEF724E537}.Debug|Any CPU.Build.0 = Debug|Any CPU
		{79FA976A-108B-4EA9-8364-D9CEF724E537}.Release|Any CPU.ActiveCfg = Release|Any CPU
		{79FA976A-108B-4EA9-8364-D9CEF724E537}.Release|Any CPU.Build.0 = Release|Any CPU
		{8819CBF7-6B87-42CC-A7FF-AD32A14F512D}.Debug|Any CPU.ActiveCfg = Debug|Any CPU
		{8819CBF7-6B87-42CC-A7FF-AD32A14F512D}.Debug|Any CPU.Build.0 = Debug|Any CPU
		{8819CBF7-6B87-42CC-A7FF-AD32A14F512D}.Release|Any CPU.ActiveCfg = Release|Any CPU
		{8819CBF7-6B87-42CC-A7FF-AD32A14F512D}.Release|Any CPU.Build.0 = Release|Any CPU
		{36308924-08F6-432F-984C-ED1A930D9E5F}.Debug|Any CPU.ActiveCfg = Debug|Any CPU
		{36308924-08F6-432F-984C-ED1A930D9E5F}.Debug|Any CPU.Build.0 = Debug|Any CPU
		{36308924-08F6-432F-984C-ED1A930D9E5F}.Release|Any CPU.ActiveCfg = Release|Any CPU
		{36308924-08F6-432F-984C-ED1A930D9E5F}.Release|Any CPU.Build.0 = Release|Any CPU
		{015395F3-D8CF-42CD-93BF-2D302C2E816A}.Debug|Any CPU.ActiveCfg = Debug|Any CPU
		{015395F3-D8CF-42CD-93BF-2D302C2E816A}.Debug|Any CPU.Build.0 = Debug|Any CPU
		{015395F3-D8CF-42CD-93BF-2D302C2E816A}.Release|Any CPU.ActiveCfg = Release|Any CPU
		{015395F3-D8CF-42CD-93BF-2D302C2E816A}.Release|Any CPU.Build.0 = Release|Any CPU
		{BC85DF8E-9FB4-428D-89C8-9F6EBAEEE449}.Debug|Any CPU.ActiveCfg = Debug|Any CPU
		{BC85DF8E-9FB4-428D-89C8-9F6EBAEEE449}.Debug|Any CPU.Build.0 = Debug|Any CPU
		{BC85DF8E-9FB4-428D-89C8-9F6EBAEEE449}.Release|Any CPU.ActiveCfg = Release|Any CPU
		{BC85DF8E-9FB4-428D-89C8-9F6EBAEEE449}.Release|Any CPU.Build.0 = Release|Any CPU
		{60FBC578-1E16-4F4C-BB08-10CD3F1B2A42}.Debug|Any CPU.ActiveCfg = Debug|Any CPU
		{60FBC578-1E16-4F4C-BB08-10CD3F1B2A42}.Debug|Any CPU.Build.0 = Debug|Any CPU
		{60FBC578-1E16-4F4C-BB08-10CD3F1B2A42}.Release|Any CPU.ActiveCfg = Release|Any CPU
		{60FBC578-1E16-4F4C-BB08-10CD3F1B2A42}.Release|Any CPU.Build.0 = Release|Any CPU
	EndGlobalSection
	GlobalSection(SolutionProperties) = preSolution
		HideSolutionNode = FALSE
	EndGlobalSection
	GlobalSection(NestedProjects) = preSolution
		{3F1C71B5-AC35-40F7-B4A1-E8DF38389494} = {BEEB16DA-1636-4ED8-9C51-6B3ACA111ACE}
		{9A7E8077-E0A5-4AA4-A885-79126E9F78A2} = {EB59BDD4-9D0A-4B5F-8483-837DD8C4E3DC}
		{096B5383-EB46-433E-AFD1-0F6C01A02C90} = {EB59BDD4-9D0A-4B5F-8483-837DD8C4E3DC}
		{CE8FB531-95C4-4E09-959E-CAE20F0D47D7} = {EB59BDD4-9D0A-4B5F-8483-837DD8C4E3DC}
		{EA336AF9-943B-442F-B952-32985FEC74C5} = {9A7E8077-E0A5-4AA4-A885-79126E9F78A2}
		{79FA976A-108B-4EA9-8364-D9CEF724E537} = {096B5383-EB46-433E-AFD1-0F6C01A02C90}
		{8819CBF7-6B87-42CC-A7FF-AD32A14F512D} = {096B5383-EB46-433E-AFD1-0F6C01A02C90}
		{36308924-08F6-432F-984C-ED1A930D9E5F} = {CE8FB531-95C4-4E09-959E-CAE20F0D47D7}
		{0F40D963-563D-444D-8E99-D2614021C397} = {BF08C852-0C11-4DA8-BB7E-621D01F39627}
		{015395F3-D8CF-42CD-93BF-2D302C2E816A} = {0F40D963-563D-444D-8E99-D2614021C397}
		{BC85DF8E-9FB4-428D-89C8-9F6EBAEEE449} = {CE8FB531-95C4-4E09-959E-CAE20F0D47D7}
	EndGlobalSection
	GlobalSection(ExtensibilityGlobals) = postSolution
		SolutionGuid = {5B49CFF2-43F4-47FC-8B15-A7A2CAF3C075}
	EndGlobalSection
EndGlobal
